<?xml version="1.0" encoding="UTF-8"?>
<Scheme
   version = "1.3">
   <BuildAction>
      <BuildActionEntries>
         <BuildActionEntry
            buildForRunning = "YES">
            <BuildableReference
               BuildableIdentifier = "primary"
               BlueprintIdentifier = "5A1A1E651CB5105000ED16D3"
               BuildableName = "TestButtonMultiTap.app"
               BlueprintName = "TestButtonMultiTap"
               ReferencedContainer = "container:TestButtonMultiTap.xcodeproj">
            </BuildableReference>
         </BuildActionEntry>
      </BuildActionEntries>
   </BuildAction>
   <LaunchAction
      useCustomWorkingDirectory = "NO"
      buildConfiguration = "Debug">
      <BuildableProductRunnable>
         <BuildableReference
            BuildableIdentifier = "primary"
            BlueprintIdentifier = "5A1A1E651CB5105000ED16D3"
            BuildableName = "TestButtonMultiTap.app"
            BlueprintName = "TestButtonMultiTap"
            ReferencedContainer = "container:TestButtonMultiTap.xcodeproj">
         </BuildableReference>
      </BuildableProductRunnable>
   </LaunchAction>
</Scheme>
